// !$*UTF8*$!
{
	archiveVersion = 1;
	classes = {
	};
	objectVersion = 51;
	objects = {

/* Begin PBXBuildFile section */
		70BE00B8CAD3F079178C3C6F /* Pods_IDK.framework in Frameworks */ = {isa = PBXBuildFile; fileRef = CCF1417E130249091C02DD11 /* Pods_IDK.framework */; };
		A5002F8C263B59FB0048E6E1 /* AppDelegate.swift in Sources */ = {isa = PBXBuildFile; fileRef = A5002F8B263B59FB0048E6E1 /* AppDelegate.swift */; };
		A5002F8E263B59FB0048E6E1 /* SceneDelegate.swift in Sources */ = {isa = PBXBuildFile; fileRef = A5002F8D263B59FB0048E6E1 /* SceneDelegate.swift */; };
		A5002F90263B59FB0048E6E1 /* ViewController.swift in Sources */ = {isa = PBXBuildFile; fileRef = A5002F8F263B59FB0048E6E1 /* ViewController.swift */; };
		A5002F93263B59FB0048E6E1 /* Main.storyboard in Resources */ = {isa = PBXBuildFile; fileRef = A5002F91263B59FB0048E6E1 /* Main.storyboard */; };
		A5002F95263B59FC0048E6E1 /* Assets.xcassets in Resources */ = {isa = PBXBuildFile; fileRef = A5002F94263B59FC0048E6E1 /* Assets.xcassets */; };
		A5002F98263B59FC0048E6E1 /* LaunchScreen.storyboard in Resources */ = {isa = PBXBuildFile; fileRef = A5002F96263B59FC0048E6E1 /* LaunchScreen.storyboard */; };
		A5002FA4263B5C0B0048E6E1 /* MassageCell.swift in Sources */ = {isa = PBXBuildFile; fileRef = A5002FA3263B5C0B0048E6E1 /* MassageCell.swift */; };
		A5002FA7263B60CC0048E6E1 /* Extensions.swift in Sources */ = {isa = PBXBuildFile; fileRef = A5002FA6263B60CC0048E6E1 /* Extensions.swift */; };
		A554E3F4263E9D2500F42AA5 /* SignUpController.swift in Sources */ = {isa = PBXBuildFile; fileRef = A554E3F3263E9D2500F42AA5 /* SignUpController.swift */; };
		A565E488263E6F3F00126B0C /* LogInController.swift in Sources */ = {isa = PBXBuildFile; fileRef = A565E487263E6F3F00126B0C /* LogInController.swift */; };
		A5E95F63263D658B00AEF9C6 /* GoogleService-Info.plist in Resources */ = {isa = PBXBuildFile; fileRef = A5E95F62263D658B00AEF9C6 /* GoogleService-Info.plist */; };
/* End PBXBuildFile section */

/* Begin PBXFileReference section */
		2321169C75CC1B49CE9ECD9A /* Pods-IDK.debug.xcconfig */ = {isa = PBXFileReference; includeInIndex = 1; lastKnownFileType = text.xcconfig; name = "Pods-IDK.debug.xcconfig"; path = "Target Support Files/Pods-IDK/Pods-IDK.debug.xcconfig"; sourceTree = "<group>"; };
		A5002F88263B59FB0048E6E1 /* IDK.app */ = {isa = PBXFileReference; explicitFileType = wrapper.application; includeInIndex = 0; path = IDK.app; sourceTree = BUILT_PRODUCTS_DIR; };
		A5002F8B263B59FB0048E6E1 /* AppDelegate.swift */ = {isa = PBXFileReference; lastKnownFileType = sourcecode.swift; path = AppDelegate.swift; sourceTree = "<group>"; };
		A5002F8D263B59FB0048E6E1 /* SceneDelegate.swift */ = {isa = PBXFileReference; lastKnownFileType = sourcecode.swift; path = SceneDelegate.swift; sourceTree = "<group>"; };
		A5002F8F263B59FB0048E6E1 /* ViewController.swift */ = {isa = PBXFileReference; lastKnownFileType = sourcecode.swift; path = ViewController.swift; sourceTree = "<group>"; };
		A5002F92263B59FB0048E6E1 /* Base */ = {isa = PBXFileReference; lastKnownFileType = file.storyboard; name = Base; path = Base.lproj/Main.storyboard; sourceTree = "<group>"; };
		A5002F94263B59FC0048E6E1 /* Assets.xcassets */ = {isa = PBXFileReference; lastKnownFileType = folder.assetcatalog; path = Assets.xcassets; sourceTree = "<group>"; };
		A5002F97263B59FC0048E6E1 /* Base */ = {isa = PBXFileReference; lastKnownFileType = file.storyboard; name = Base; path = Base.lproj/LaunchScreen.storyboard; sourceTree = "<group>"; };
		A5002F99263B59FC0048E6E1 /* Info.plist */ = {isa = PBXFileReference; lastKnownFileType = text.plist.xml; path = Info.plist; sourceTree = "<group>"; };
		A5002FA3263B5C0B0048E6E1 /* MassageCell.swift */ = {isa = PBXFileReference; lastKnownFileType = sourcecode.swift; path = MassageCell.swift; sourceTree = "<group>"; };
		A5002FA6263B60CC0048E6E1 /* Extensions.swift */ = {isa = PBXFileReference; fileEncoding = 4; lastKnownFileType = sourcecode.swift; path = Extensions.swift; sourceTree = "<group>"; };
		A554E3F3263E9D2500F42AA5 /* SignUpController.swift */ = {isa = PBXFileReference; lastKnownFileType = sourcecode.swift; path = SignUpController.swift; sourceTree = "<group>"; };
		A565E487263E6F3F00126B0C /* LogInController.swift */ = {isa = PBXFileReference; lastKnownFileType = sourcecode.swift; path = LogInController.swift; sourceTree = "<group>"; };
		A5E95F62263D658B00AEF9C6 /* GoogleService-Info.plist */ = {isa = PBXFileReference; fileEncoding = 4; lastKnownFileType = text.plist.xml; path = "GoogleService-Info.plist"; sourceTree = "<group>"; };
		CCF1417E130249091C02DD11 /* Pods_IDK.framework */ = {isa = PBXFileReference; explicitFileType = wrapper.framework; includeInIndex = 0; path = Pods_IDK.framework; sourceTree = BUILT_PRODUCTS_DIR; };
		F2A1D6DC27C61FE0EFB2632D /* Pods-IDK.release.xcconfig */ = {isa = PBXFileReference; includeInIndex = 1; lastKnownFileType = text.xcconfig; name = "Pods-IDK.release.xcconfig"; path = "Target Support Files/Pods-IDK/Pods-IDK.release.xcconfig"; sourceTree = "<group>"; };
/* End PBXFileReference section */

/* Begin PBXFrameworksBuildPhase section */
		A5002F85263B59FB0048E6E1 /* Frameworks */ = {
			isa = PBXFrameworksBuildPhase;
			buildActionMask = 2147483647;
			files = (
				70BE00B8CAD3F079178C3C6F /* Pods_IDK.framework in Frameworks */,
			);
			runOnlyForDeploymentPostprocessing = 0;
		};
/* End PBXFrameworksBuildPhase section */

/* Begin PBXGroup section */
		087A89479DB5E6E8DA326ABF /* Frameworks */ = {
			isa = PBXGroup;
			children = (
				CCF1417E130249091C02DD11 /* Pods_IDK.framework */,
			);
			name = Frameworks;
			sourceTree = "<group>";
		};
		43A1BA9D234BECE56BD35CE7 /* Pods */ = {
			isa = PBXGroup;
			children = (
				2321169C75CC1B49CE9ECD9A /* Pods-IDK.debug.xcconfig */,
				F2A1D6DC27C61FE0EFB2632D /* Pods-IDK.release.xcconfig */,
			);
			path = Pods;
			sourceTree = "<group>";
		};
		A5002F7F263B59FB0048E6E1 = {
			isa = PBXGroup;
			children = (
				A5002F8A263B59FB0048E6E1 /* IDK */,
				A5002F89263B59FB0048E6E1 /* Products */,
				43A1BA9D234BECE56BD35CE7 /* Pods */,
				087A89479DB5E6E8DA326ABF /* Frameworks */,
			);
			sourceTree = "<group>";
		};
		A5002F89263B59FB0048E6E1 /* Products */ = {
			isa = PBXGroup;
			children = (
				A5002F88263B59FB0048E6E1 /* IDK.app */,
			);
			name = Products;
			sourceTree = "<group>";
		};
		A5002F8A263B59FB0048E6E1 /* IDK */ = {
			isa = PBXGroup;
			children = (
				A58E2EFD26430C4200A2B47E /* Massages */,
				A565E48A263E707E00126B0C /* LogIn */,
				A5002F8B263B59FB0048E6E1 /* AppDelegate.swift */,
				A5002F8D263B59FB0048E6E1 /* SceneDelegate.swift */,
				A5002FA6263B60CC0048E6E1 /* Extensions.swift */,
				A5E95F62263D658B00AEF9C6 /* GoogleService-Info.plist */,
				A5002F94263B59FC0048E6E1 /* Assets.xcassets */,
				A5002F99263B59FC0048E6E1 /* Info.plist */,
				A5002FA1263B5B160048E6E1 /* StoryBoard */,
			);
			path = IDK;
			sourceTree = "<group>";
		};
		A5002FA1263B5B160048E6E1 /* StoryBoard */ = {
			isa = PBXGroup;
			children = (
				A5002F96263B59FC0048E6E1 /* LaunchScreen.storyboard */,
				A5002F91263B59FB0048E6E1 /* Main.storyboard */,
			);
			path = StoryBoard;
			sourceTree = "<group>";
		};
		A565E48A263E707E00126B0C /* LogIn */ = {
			isa = PBXGroup;
			children = (
				A565E487263E6F3F00126B0C /* LogInController.swift */,
				A554E3F3263E9D2500F42AA5 /* SignUpController.swift */,
			);
			path = LogIn;
			sourceTree = "<group>";
		};
		A58E2EFD26430C4200A2B47E /* Massages */ = {
			isa = PBXGroup;
			children = (
				A5002FA3263B5C0B0048E6E1 /* MassageCell.swift */,
				A5002F8F263B59FB0048E6E1 /* ViewController.swift */,
			);
			path = Massages;
			sourceTree = "<group>";
		};
/* End PBXGroup section */

/* Begin PBXNativeTarget section */
		A5002F87263B59FB0048E6E1 /* IDK */ = {
			isa = PBXNativeTarget;
			buildConfigurationList = A5002F9C263B59FC0048E6E1 /* Build configuration list for PBXNativeTarget "IDK" */;
			buildPhases = (
				848D0B549BA6EE022416DADC /* [CP] Check Pods Manifest.lock */,
				A5002F84263B59FB0048E6E1 /* Sources */,
				A5002F85263B59FB0048E6E1 /* Frameworks */,
				A5002F86263B59FB0048E6E1 /* Resources */,
				EACA81C6B45B78F5A47A63F4 /* [CP] Embed Pods Frameworks */,
			);
			buildRules = (
			);
			dependencies = (
			);
			name = IDK;
			productName = IDK;
			productReference = A5002F88263B59FB0048E6E1 /* IDK.app */;
			productType = "com.apple.product-type.application";
		};
/* End PBXNativeTarget section */

/* Begin PBXProject section */
		A5002F80263B59FB0048E6E1 /* Project object */ = {
			isa = PBXProject;
			attributes = {
				LastSwiftUpdateCheck = 1240;
				LastUpgradeCheck = 1240;
				TargetAttributes = {
					A5002F87263B59FB0048E6E1 = {
						CreatedOnToolsVersion = 12.4;
					};
				};
			};
			buildConfigurationList = A5002F83263B59FB0048E6E1 /* Build configuration list for PBXProject "IDK" */;
			compatibilityVersion = "Xcode 9.3";
			developmentRegion = en;
			hasScannedForEncodings = 0;
			knownRegions = (
				en,
				Base,
			);
			mainGroup = A5002F7F263B59FB0048E6E1;
			productRefGroup = A5002F89263B59FB0048E6E1 /* Products */;
			projectDirPath = "";
			projectRoot = "";
			targets = (
				A5002F87263B59FB0048E6E1 /* IDK */,
			);
		};
/* End PBXProject section */

/* Begin PBXResourcesBuildPhase section */
		A5002F86263B59FB0048E6E1 /* Resources */ = {
			isa = PBXResourcesBuildPhase;
			buildActionMask = 2147483647;
			files = (
				A5002F98263B59FC0048E6E1 /* LaunchScreen.storyboard in Resources */,
				A5002F95263B59FC0048E6E1 /* Assets.xcassets in Resources */,
				A5E95F63263D658B00AEF9C6 /* GoogleService-Info.plist in Resources */,
				A5002F93263B59FB0048E6E1 /* Main.storyboard in Resources */,
			);
			runOnlyForDeploymentPostprocessing = 0;
		};
/* End PBXResourcesBuildPhase section */

/* Begin PBXShellScriptBuildPhase section */
		848D0B549BA6EE022416DADC /* [CP] Check Pods Manifest.lock */ = {
			isa = PBXShellScriptBuildPhase;
			buildActionMask = 2147483647;
			files = (
			);
			inputFileListPaths = (
			);
			inputPaths = (
				"${PODS_PODFILE_DIR_PATH}/Podfile.lock",
				"${PODS_ROOT}/Manifest.lock",
			);
			name = "[CP] Check Pods Manifest.lock";
			outputFileListPaths = (
			);
			outputPaths = (
				"$(DERIVED_FILE_DIR)/Pods-IDK-checkManifestLockResult.txt",
			);
			runOnlyForDeploymentPostprocessing = 0;
			shellPath = /bin/sh;
			shellScript = "diff \"${PODS_PODFILE_DIR_PATH}/Podfile.lock\" \"${PODS_ROOT}/Manifest.lock\" > /dev/null\nif [ $? != 0 ] ; then\n    # print error to STDERR\n    echo \"error: The sandbox is not in sync with the Podfile.lock. Run 'pod install' or update your CocoaPods installation.\" >&2\n    exit 1\nfi\n# This output is used by Xcode 'outputs' to avoid re-running this script phase.\necho \"SUCCESS\" > \"${SCRIPT_OUTPUT_FILE_0}\"\n";
			showEnvVarsInLog = 0;
		};
		EACA81C6B45B78F5A47A63F4 /* [CP] Embed Pods Frameworks */ = {
			isa = PBXShellScriptBuildPhase;
			buildActionMask = 2147483647;
			files = (
			);
			inputFileListPaths = (
				"${PODS_ROOT}/Target Support Files/Pods-IDK/Pods-IDK-frameworks-${CONFIGURATION}-input-files.xcfilelist",
			);
			name = "[CP] Embed Pods Frameworks";
			outputFileListPaths = (
				"${PODS_ROOT}/Target Support Files/Pods-IDK/Pods-IDK-frameworks-${CONFIGURATION}-output-files.xcfilelist",
			);
			runOnlyForDeploymentPostprocessing = 0;
			shellPath = /bin/sh;
			shellScript = "\"${PODS_ROOT}/Target Support Files/Pods-IDK/Pods-IDK-frameworks.sh\"\n";
			showEnvVarsInLog = 0;
		};
/* End PBXShellScriptBuildPhase section */

/* Begin PBXSourcesBuildPhase section */
		A5002F84263B59FB0048E6E1 /* Sources */ = {
			isa = PBXSourcesBuildPhase;
			buildActionMask = 2147483647;
			files = (
				A5002FA7263B60CC0048E6E1 /* Extensions.swift in Sources */,
				A565E488263E6F3F00126B0C /* LogInController.swift in Sources */,
				A554E3F4263E9D2500F42AA5 /* SignUpController.swift in Sources */,
				A5002F90263B59FB0048E6E1 /* ViewController.swift in Sources */,
				A5002FA4263B5C0B0048E6E1 /* MassageCell.swift in Sources */,
				A5002F8C263B59FB0048E6E1 /* AppDelegate.swift in Sources */,
				A5002F8E263B59FB0048E6E1 /* SceneDelegate.swift in Sources */,
			);
			runOnlyForDeploymentPostprocessing = 0;
		};
/* End PBXSourcesBuildPhase section */

/* Begin PBXVariantGroup section */
		A5002F91263B59FB0048E6E1 /* Main.storyboard */ = {
			isa = PBXVariantGroup;
			children = (
				A5002F92263B59FB0048E6E1 /* Base */,
			);
			name = Main.storyboard;
			sourceTree = "<group>";
		};
		A5002F96263B59FC0048E6E1 /* LaunchScreen.storyboard */ = {
			isa = PBXVariantGroup;
			children = (
				A5002F97263B59FC0048E6E1 /* Base */,
			);
			name = LaunchScreen.storyboard;
			sourceTree = "<group>";
		};
/* End PBXVariantGroup section */

/* Begin XCBuildConfiguration section */
		A5002F9A263B59FC0048E6E1 /* Debug */ = {
			isa = XCBuildConfiguration;
			buildSettings = {
				ALWAYS_SEARCH_USER_PATHS = NO;
				CLANG_ANALYZER_NONNULL = YES;
				CLANG_ANALYZER_NUMBER_OBJECT_CONVERSION = YES_AGGRESSIVE;
				CLANG_CXX_LANGUAGE_STANDARD = "gnu++14";
				CLANG_CXX_LIBRARY = "libc++";
				CLANG_ENABLE_MODULES = YES;
				CLANG_ENABLE_OBJC_ARC = YES;
				CLANG_ENABLE_OBJC_WEAK = YES;
				CLANG_WARN_BLOCK_CAPTURE_AUTORELEASING = YES;
				CLANG_WARN_BOOL_CONVERSION = YES;
				CLANG_WARN_COMMA = YES;
				CLANG_WARN_CONSTANT_CONVERSION = YES;
				CLANG_WARN_DEPRECATED_OBJC_IMPLEMENTATIONS = YES;
				CLANG_WARN_DIRECT_OBJC_ISA_USAGE = YES_ERROR;
				CLANG_WARN_DOCUMENTATION_COMMENTS = YES;
				CLANG_WARN_EMPTY_BODY = YES;
				CLANG_WARN_ENUM_CONVERSION = YES;
				CLANG_WARN_INFINITE_RECURSION = YES;
				CLANG_WARN_INT_CONVERSION = YES;
				CLANG_WARN_NON_LITERAL_NULL_CONVERSION = YES;
				CLANG_WARN_OBJC_IMPLICIT_RETAIN_SELF = YES;
				CLANG_WARN_OBJC_LITERAL_CONVERSION = YES;
				CLANG_WARN_OBJC_ROOT_CLASS = YES_ERROR;
				CLANG_WARN_QUOTED_INCLUDE_IN_FRAMEWORK_HEADER = YES;
				CLANG_WARN_RANGE_LOOP_ANALYSIS = YES;
				CLANG_WARN_STRICT_PROTOTYPES = YES;
				CLANG_WARN_SUSPICIOUS_MOVE = YES;
				CLANG_WARN_UNGUARDED_AVAILABILITY = YES_AGGRESSIVE;
				CLANG_WARN_UNREACHABLE_CODE = YES;
				CLANG_WARN__DUPLICATE_METHOD_MATCH = YES;
				COPY_PHASE_STRIP = NO;
				DEBUG_INFORMATION_FORMAT = dwarf;
				ENABLE_STRICT_OBJC_MSGSEND = YES;
				ENABLE_TESTABILITY = YES;
				GCC_C_LANGUAGE_STANDARD = gnu11;
				GCC_DYNAMIC_NO_PIC = NO;
				GCC_NO_COMMON_BLOCKS = YES;
				GCC_OPTIMIZATION_LEVEL = 0;
				GCC_PREPROCESSOR_DEFINITIONS = (
					"DEBUG=1",
					"$(inherited)",
				);
				GCC_WARN_64_TO_32_BIT_CONVERSION = YES;
				GCC_WARN_ABOUT_RETURN_TYPE = YES_ERROR;
				GCC_WARN_UNDECLARED_SELECTOR = YES;
				GCC_WARN_UNINITIALIZED_AUTOS = YES_AGGRESSIVE;
				GCC_WARN_UNUSED_FUNCTION = YES;
				GCC_WARN_UNUSED_VARIABLE = YES;
				IPHONEOS_DEPLOYMENT_TARGET = 14.4;
				MTL_ENABLE_DEBUG_INFO = INCLUDE_SOURCE;
				MTL_FAST_MATH = YES;
				ONLY_ACTIVE_ARCH = YES;
				SDKROOT = iphoneos;
				SWIFT_ACTIVE_COMPILATION_CONDITIONS = DEBUG;
				SWIFT_OPTIMIZATION_LEVEL = "-Onone";
			};
			name = Debug;
		};
		A5002F9B263B59FC0048E6E1 /* Release */ = {
			isa = XCBuildConfiguration;
			buildSettings = {
				ALWAYS_SEARCH_USER_PATHS = NO;
				CLANG_ANALYZER_NONNULL = YES;
				CLANG_ANALYZER_NUMBER_OBJECT_CONVERSION = YES_AGGRESSIVE;
				CLANG_CXX_LANGUAGE_STANDARD = "gnu++14";
				CLANG_CXX_LIBRARY = "libc++";
				CLANG_ENABLE_MODULES = YES;
				CLANG_ENABLE_OBJC_ARC = YES;
				CLANG_ENABLE_OBJC_WEAK = YES;
				CLANG_WARN_BLOCK_CAPTURE_AUTORELEASING = YES;
				CLANG_WARN_BOOL_CONVERSION = YES;
				CLANG_WARN_COMMA = YES;
				CLANG_WARN_CONSTANT_CONVERSION = YES;
				CLANG_WARN_DEPRECATED_OBJC_IMPLEMENTATIONS = YES;
				CLANG_WARN_DIRECT_OBJC_ISA_USAGE = YES_ERROR;
				CLANG_WARN_DOCUMENTATION_COMMENTS = YES;
				CLANG_WARN_EMPTY_BODY = YES;
				CLANG_WARN_ENUM_CONVERSION = YES;
				CLANG_WARN_INFINITE_RECURSION = YES;
				CLANG_WARN_INT_CONVERSION = YES;
				CLANG_WARN_NON_LITERAL_NULL_CONVERSION = YES;
				CLANG_WARN_OBJC_IMPLICIT_RETAIN_SELF = YES;
				CLANG_WARN_OBJC_LITERAL_CONVERSION = YES;
				CLANG_WARN_OBJC_ROOT_CLASS = YES_ERROR;
				CLANG_WARN_QUOTED_INCLUDE_IN_FRAMEWORK_HEADER = YES;
				CLANG_WARN_RANGE_LOOP_ANALYSIS = YES;
				CLANG_WARN_STRICT_PROTOTYPES = YES;
				CLANG_WARN_SUSPICIOUS_MOVE = YES;
				CLANG_WARN_UNGUARDED_AVAILABILITY = YES_AGGRESSIVE;
				CLANG_WARN_UNREACHABLE_CODE = YES;
				CLANG_WARN__DUPLICATE_METHOD_MATCH = YES;
				COPY_PHASE_STRIP = NO;
				DEBUG_INFORMATION_FORMAT = "dwarf-with-dsym";
				ENABLE_NS_ASSERTIONS = NO;
				ENABLE_STRICT_OBJC_MSGSEND = YES;
				GCC_C_LANGUAGE_STANDARD = gnu11;
				GCC_NO_COMMON_BLOCKS = YES;
				GCC_WARN_64_TO_32_BIT_CONVERSION = YES;
				GCC_WARN_ABOUT_RETURN_TYPE = YES_ERROR;
				GCC_WARN_UNDECLARED_SELECTOR = YES;
				GCC_WARN_UNINITIALIZED_AUTOS = YES_AGGRESSIVE;
				GCC_WARN_UNUSED_FUNCTION = YES;
				GCC_WARN_UNUSED_VARIABLE = YES;
				IPHONEOS_DEPLOYMENT_TARGET = 14.4;
				MTL_ENABLE_DEBUG_INFO = NO;
				MTL_FAST_MATH = YES;
				SDKROOT = iphoneos;
				SWIFT_COMPILATION_MODE = wholemodule;
				SWIFT_OPTIMIZATION_LEVEL = "-O";
				VALIDATE_PRODUCT = YES;
			};
			name = Release;
		};
		A5002F9D263B59FC0048E6E1 /* Debug */ = {
			isa = XCBuildConfiguration;
			baseConfigurationReference = 2321169C75CC1B49CE9ECD9A /* Pods-IDK.debug.xcconfig */;
			buildSettings = {
				ASSETCATALOG_COMPILER_APPICON_NAME = AppIcon;
				ASSETCATALOG_COMPILER_GLOBAL_ACCENT_COLOR_NAME = AccentColor;
				CODE_SIGN_STYLE = Automatic;
				DEVELOPMENT_TEAM = 8PDNVZYZHH;
				INFOPLIST_FILE = IDK/Info.plist;
				LD_RUNPATH_SEARCH_PATHS = (
					"$(inherited)",
					"@executable_path/Frameworks",
				);
				PRODUCT_BUNDLE_IDENTIFIER = com.berupu.IDK;
				PRODUCT_NAME = "$(TARGET_NAME)";
				SWIFT_VERSION = 5.0;
				TARGETED_DEVICE_FAMILY = "1,2";
			};
			name = Debug;
		};
		A5002F9E263B59FC0048E6E1 /* Release */ = {
			isa = XCBuildConfiguration;
			baseConfigurationReference = F2A1D6DC27C61FE0EFB2632D /* Pods-IDK.release.xcconfig */;
			buildSettings = {
				ASSETCATALOG_COMPILER_APPICON_NAME = AppIcon;
				ASSETCATALOG_COMPILER_GLOBAL_ACCENT_COLOR_NAME = AccentColor;
				CODE_SIGN_STYLE = Automatic;
				DEVELOPMENT_TEAM = 8PDNVZYZHH;
				INFOPLIST_FILE = IDK/Info.plist;
				LD_RUNPATH_SEARCH_PATHS = (
					"$(inherited)",
					"@executable_path/Frameworks",
				);
				PRODUCT_BUNDLE_IDENTIFIER = com.berupu.IDK;
				PRODUCT_NAME = "$(TARGET_NAME)";
				SWIFT_VERSION = 5.0;
				TARGETED_DEVICE_FAMILY = "1,2";
			};
			name = Release;
		};
/* End XCBuildConfiguration section */

/* Begin XCConfigurationList section */
		A5002F83263B59FB0048E6E1 /* Build configuration list for PBXProject "IDK" */ = {
			isa = XCConfigurationList;
			buildConfigurations = (
				A5002F9A263B59FC0048E6E1 /* Debug */,
				A5002F9B263B59FC0048E6E1 /* Release */,
			);
			defaultConfigurationIsVisible = 0;
			defaultConfigurationName = Release;
		};
		A5002F9C263B59FC0048E6E1 /* Build configuration list for PBXNativeTarget "IDK" */ = {
			isa = XCConfigurationList;
			buildConfigurations = (
				A5002F9D263B59FC0048E6E1 /* Debug */,
				A5002F9E263B59FC0048E6E1 /* Release */,
			);
			defaultConfigurationIsVisible = 0;
			defaultConfigurationName = Release;
		};
/* End XCConfigurationList section */
	};
	rootObject = A5002F80263B59FB0048E6E1 /* Project object */;
}
